Microsoft Visual Studio Solution File, Format Version 12.00
# Visual Studio 2012
Project("{FAE04EC0-301F-11D3-BF4B-00C04F79EFBC}") = "Game2", "Game2.csproj", "{B423FA03-268B-4E6F-8014-E6455E91EC49}"
EndProject
Global
	GlobalSection(SolutionConfigurationPlatforms) = preSolution
	Debug|Any CPU = Debug|Any CPU
	ExportDebug|Any CPU = ExportDebug|Any CPU
	ExportRelease|Any CPU = ExportRelease|Any CPU
	EndGlobalSection
	GlobalSection(ProjectConfigurationPlatforms) = postSolution
		{B423FA03-268B-4E6F-8014-E6455E91EC49}.Debug|Any CPU.ActiveCfg = Debug|Any CPU
		{B423FA03-268B-4E6F-8014-E6455E91EC49}.Debug|Any CPU.Build.0 = Debug|Any CPU
		{B423FA03-268B-4E6F-8014-E6455E91EC49}.ExportDebug|Any CPU.ActiveCfg = ExportDebug|Any CPU
		{B423FA03-268B-4E6F-8014-E6455E91EC49}.ExportDebug|Any CPU.Build.0 = ExportDebug|Any CPU
		{B423FA03-268B-4E6F-8014-E6455E91EC49}.ExportRelease|Any CPU.ActiveCfg = ExportRelease|Any CPU
		{B423FA03-268B-4E6F-8014-E6455E91EC49}.ExportRelease|Any CPU.Build.0 = ExportRelease|Any CPU
	EndGlobalSection
EndGlobal
